// !$*UTF8*$!
{
	archiveVersion = 1;
	classes = {
	};
	objectVersion = 46;
	objects = {

/* Begin PBXBuildFile section */
		8A50CA851AAF0ADE00B02B68 /* main.c in Sources */ = {isa = PBXBuildFile; fileRef = 8A50CA841AAF0ADE00B02B68 /* main.c */; };
		8A50CA8D1AAF0B1700B02B68 /* TKAObject.c in Sources */ = {isa = PBXBuildFile; fileRef = 8A50CA8B1AAF0B1700B02B68 /* TKAObject.c */; };
		8A50CA911AAF0CA400B02B68 /* TKAStack.c in Sources */ = {isa = PBXBuildFile; fileRef = 8A50CA8F1AAF0CA400B02B68 /* TKAStack.c */; };
		8A50CA951AAF0D1D00B02B68 /* TKALinkedListNode.c in Sources */ = {isa = PBXBuildFile; fileRef = 8A50CA931AAF0D1D00B02B68 /* TKALinkedListNode.c */; };
		8A50CA991AB064FE00B02B68 /* TKAStackTest.c in Sources */ = {isa = PBXBuildFile; fileRef = 8A50CA971AB064FE00B02B68 /* TKAStackTest.c */; };
/* End PBXBuildFile section */

/* Begin PBXCopyFilesBuildPhase section */
		8A50CA7F1AAF0ADE00B02B68 /* CopyFiles */ = {
			isa = PBXCopyFilesBuildPhase;
			buildActionMask = 2147483647;
			dstPath = /usr/share/man/man1/;
			dstSubfolderSpec = 0;
			files = (
			);
			runOnlyForDeploymentPostprocessing = 1;
		};
/* End PBXCopyFilesBuildPhase section */

/* Begin PBXFileReference section */
		8A50CA811AAF0ADE00B02B68 /* TKAAutoreleasePool */ = {isa = PBXFileReference; explicitFileType = "compiled.mach-o.executable"; includeInIndex = 0; path = TKAAutoreleasePool; sourceTree = BUILT_PRODUCTS_DIR; };
		8A50CA841AAF0ADE00B02B68 /* main.c */ = {isa = PBXFileReference; lastKnownFileType = sourcecode.c.c; path = main.c; sourceTree = "<group>"; };
		8A50CA8B1AAF0B1700B02B68 /* TKAObject.c */ = {isa = PBXFileReference; fileEncoding = 4; lastKnownFileType = sourcecode.c.c; path = TKAObject.c; sourceTree = "<group>"; };
		8A50CA8C1AAF0B1700B02B68 /* TKAObject.h */ = {isa = PBXFileReference; fileEncoding = 4; lastKnownFileType = sourcecode.c.h; path = TKAObject.h; sourceTree = "<group>"; };
		8A50CA8F1AAF0CA400B02B68 /* TKAStack.c */ = {isa = PBXFileReference; fileEncoding = 4; lastKnownFileType = sourcecode.c.c; path = TKAStack.c; sourceTree = "<group>"; };
		8A50CA901AAF0CA400B02B68 /* TKAStack.h */ = {isa = PBXFileReference; fileEncoding = 4; lastKnownFileType = sourcecode.c.h; path = TKAStack.h; sourceTree = "<group>"; };
		8A50CA931AAF0D1D00B02B68 /* TKALinkedListNode.c */ = {isa = PBXFileReference; fileEncoding = 4; lastKnownFileType = sourcecode.c.c; path = TKALinkedListNode.c; sourceTree = "<group>"; };
		8A50CA941AAF0D1D00B02B68 /* TKALinkedListNode.h */ = {isa = PBXFileReference; fileEncoding = 4; lastKnownFileType = sourcecode.c.h; path = TKALinkedListNode.h; sourceTree = "<group>"; };
		8A50CA971AB064FE00B02B68 /* TKAStackTest.c */ = {isa = PBXFileReference; fileEncoding = 4; lastKnownFileType = sourcecode.c.c; name = TKAStackTest.c; path = TKAAutoreleasePool/TKAStackTest.c; sourceTree = "<group>"; };
		8A50CA981AB064FE00B02B68 /* TKAStackTest.h */ = {isa = PBXFileReference; fileEncoding = 4; lastKnownFileType = sourcecode.c.h; name = TKAStackTest.h; path = TKAAutoreleasePool/TKAStackTest.h; sourceTree = "<group>"; };
/* End PBXFileReference section */

/* Begin PBXFrameworksBuildPhase section */
		8A50CA7E1AAF0ADE00B02B68 /* Frameworks */ = {
			isa = PBXFrameworksBuildPhase;
			buildActionMask = 2147483647;
			files = (
			);
			runOnlyForDeploymentPostprocessing = 0;
		};
/* End PBXFrameworksBuildPhase section */

/* Begin PBXGroup section */
		8A50CA781AAF0ADE00B02B68 = {
			isa = PBXGroup;
			children = (
				8A50CA831AAF0ADE00B02B68 /* TKAAutoreleasePool */,
				8A50CA821AAF0ADE00B02B68 /* Products */,
			);
			sourceTree = "<group>";
		};
		8A50CA821AAF0ADE00B02B68 /* Products */ = {
			isa = PBXGroup;
			children = (
				8A50CA811AAF0ADE00B02B68 /* TKAAutoreleasePool */,
			);
			name = Products;
			sourceTree = "<group>";
		};
		8A50CA831AAF0ADE00B02B68 /* TKAAutoreleasePool */ = {
			isa = PBXGroup;
			children = (
				8A50CA841AAF0ADE00B02B68 /* main.c */,
				8A50CA961AAF0D2900B02B68 /* TKALinkedListNode */,
				8A50CA921AAF0CB100B02B68 /* TKAStack */,
				8A50CA8E1AAF0C5100B02B68 /* TKAObject */,
				8A50CA9B1AB0653300B02B68 /* Test */,
			);
			path = TKAAutoreleasePool;
			sourceTree = "<group>";
		};
		8A50CA8E1AAF0C5100B02B68 /* TKAObject */ = {
			isa = PBXGroup;
			children = (
				8A50CA8B1AAF0B1700B02B68 /* TKAObject.c */,
				8A50CA8C1AAF0B1700B02B68 /* TKAObject.h */,
			);
			name = TKAObject;
			sourceTree = "<group>";
		};
		8A50CA921AAF0CB100B02B68 /* TKAStack */ = {
			isa = PBXGroup;
			children = (
				8A50CA8F1AAF0CA400B02B68 /* TKAStack.c */,
				8A50CA901AAF0CA400B02B68 /* TKAStack.h */,
			);
			name = TKAStack;
			sourceTree = "<group>";
		};
		8A50CA961AAF0D2900B02B68 /* TKALinkedListNode */ = {
			isa = PBXGroup;
			children = (
				8A50CA931AAF0D1D00B02B68 /* TKALinkedListNode.c */,
				8A50CA941AAF0D1D00B02B68 /* TKALinkedListNode.h */,
			);
			name = TKALinkedListNode;
			sourceTree = "<group>";
		};
		8A50CA9A1AB0651500B02B68 /* TKAStackTest */ = {
			isa = PBXGroup;
			children = (
				8A50CA971AB064FE00B02B68 /* TKAStackTest.c */,
				8A50CA981AB064FE00B02B68 /* TKAStackTest.h */,
			);
			name = TKAStackTest;
			path = ..;
			sourceTree = "<group>";
		};
		8A50CA9B1AB0653300B02B68 /* Test */ = {
			isa = PBXGroup;
			children = (
				8A50CA9A1AB0651500B02B68 /* TKAStackTest */,
			);
			name = Test;
			sourceTree = "<group>";
		};
/* End PBXGroup section */

/* Begin PBXNativeTarget section */
		8A50CA801AAF0ADE00B02B68 /* TKAAutoreleasePool */ = {
			isa = PBXNativeTarget;
			buildConfigurationList = 8A50CA881AAF0ADE00B02B68 /* Build configuration list for PBXNativeTarget "TKAAutoreleasePool" */;
			buildPhases = (
				8A50CA7D1AAF0ADE00B02B68 /* Sources */,
				8A50CA7E1AAF0ADE00B02B68 /* Frameworks */,
				8A50CA7F1AAF0ADE00B02B68 /* CopyFiles */,
			);
			buildRules = (
			);
			dependencies = (
			);
			name = TKAAutoreleasePool;
			productName = TKAAutoreleasePool;
			productReference = 8A50CA811AAF0ADE00B02B68 /* TKAAutoreleasePool */;
			productType = "com.apple.product-type.tool";
		};
/* End PBXNativeTarget section */

/* Begin PBXProject section */
		8A50CA791AAF0ADE00B02B68 /* Project object */ = {
			isa = PBXProject;
			attributes = {
				LastUpgradeCheck = 0610;
				ORGANIZATIONNAME = TKAHomeWork;
				TargetAttributes = {
					8A50CA801AAF0ADE00B02B68 = {
						CreatedOnToolsVersion = 6.1.1;
					};
				};
			};
			buildConfigurationList = 8A50CA7C1AAF0ADE00B02B68 /* Build configuration list for PBXProject "TKAAutoreleasePool" */;
			compatibilityVersion = "Xcode 3.2";
			developmentRegion = English;
			hasScannedForEncodings = 0;
			knownRegions = (
				en,
			);
			mainGroup = 8A50CA781AAF0ADE00B02B68;
			productRefGroup = 8A50CA821AAF0ADE00B02B68 /* Products */;
			projectDirPath = "";
			projectRoot = "";
			targets = (
				8A50CA801AAF0ADE00B02B68 /* TKAAutoreleasePool */,
			);
		};
/* End PBXProject section */

/* Begin PBXSourcesBuildPhase section */
		8A50CA7D1AAF0ADE00B02B68 /* Sources */ = {
			isa = PBXSourcesBuildPhase;
			buildActionMask = 2147483647;
			files = (
				8A50CA851AAF0ADE00B02B68 /* main.c in Sources */,
				8A50CA951AAF0D1D00B02B68 /* TKALinkedListNode.c in Sources */,
				8A50CA991AB064FE00B02B68 /* TKAStackTest.c in Sources */,
				8A50CA911AAF0CA400B02B68 /* TKAStack.c in Sources */,
				8A50CA8D1AAF0B1700B02B68 /* TKAObject.c in Sources */,
			);
			runOnlyForDeploymentPostprocessing = 0;
		};
/* End PBXSourcesBuildPhase section */

/* Begin XCBuildConfiguration section */
		8A50CA861AAF0ADE00B02B68 /* Debug */ = {
			isa = XCBuildConfiguration;
			buildSettings = {
				ALWAYS_SEARCH_USER_PATHS = NO;
				CLANG_CXX_LANGUAGE_STANDARD = "gnu++0x";
				CLANG_CXX_LIBRARY = "libc++";
				CLANG_ENABLE_MODULES = YES;
				CLANG_ENABLE_OBJC_ARC = YES;
				CLANG_WARN_BOOL_CONVERSION = YES;
				CLANG_WARN_CONSTANT_CONVERSION = YES;
				CLANG_WARN_DIRECT_OBJC_ISA_USAGE = YES_ERROR;
				CLANG_WARN_EMPTY_BODY = YES;
				CLANG_WARN_ENUM_CONVERSION = YES;
				CLANG_WARN_INT_CONVERSION = YES;
				CLANG_WARN_OBJC_ROOT_CLASS = YES_ERROR;
				CLANG_WARN_UNREACHABLE_CODE = YES;
				CLANG_WARN__DUPLICATE_METHOD_MATCH = YES;
				COPY_PHASE_STRIP = NO;
				ENABLE_STRICT_OBJC_MSGSEND = YES;
				GCC_C_LANGUAGE_STANDARD = gnu99;
				GCC_DYNAMIC_NO_PIC = NO;
				GCC_OPTIMIZATION_LEVEL = 0;
				GCC_PREPROCESSOR_DEFINITIONS = (
					"DEBUG=1",
					"$(inherited)",
				);
				GCC_SYMBOLS_PRIVATE_EXTERN = NO;
				GCC_WARN_64_TO_32_BIT_CONVERSION = YES;
				GCC_WARN_ABOUT_RETURN_TYPE = YES_ERROR;
				GCC_WARN_UNDECLARED_SELECTOR = YES;
				GCC_WARN_UNINITIALIZED_AUTOS = YES_AGGRESSIVE;
				GCC_WARN_UNUSED_FUNCTION = YES;
				GCC_WARN_UNUSED_VARIABLE = YES;
				MACOSX_DEPLOYMENT_TARGET = 10.10;
				MTL_ENABLE_DEBUG_INFO = YES;
				ONLY_ACTIVE_ARCH = YES;
				SDKROOT = macosx;
			};
			name = Debug;
		};
		8A50CA871AAF0ADE00B02B68 /* Release */ = {
			isa = XCBuildConfiguration;
			buildSettings = {
				ALWAYS_SEARCH_USER_PATHS = NO;
				CLANG_CXX_LANGUAGE_STANDARD = "gnu++0x";
				CLANG_CXX_LIBRARY = "libc++";
				CLANG_ENABLE_MODULES = YES;
				CLANG_ENABLE_OBJC_ARC = YES;
				CLANG_WARN_BOOL_CONVERSION = YES;
				CLANG_WARN_CONSTANT_CONVERSION = YES;
				CLANG_WARN_DIRECT_OBJC_ISA_USAGE = YES_ERROR;
				CLANG_WARN_EMPTY_BODY = YES;
				CLANG_WARN_ENUM_CONVERSION = YES;
				CLANG_WARN_INT_CONVERSION = YES;
				CLANG_WARN_OBJC_ROOT_CLASS = YES_ERROR;
				CLANG_WARN_UNREACHABLE_CODE = YES;
				CLANG_WARN__DUPLICATE_METHOD_MATCH = YES;
				COPY_PHASE_STRIP = YES;
				DEBUG_INFORMATION_FORMAT = "dwarf-with-dsym";
				ENABLE_NS_ASSERTIONS = NO;
				ENABLE_STRICT_OBJC_MSGSEND = YES;
				GCC_C_LANGUAGE_STANDARD = gnu99;
				GCC_WARN_64_TO_32_BIT_CONVERSION = YES;
				GCC_WARN_ABOUT_RETURN_TYPE = YES_ERROR;
				GCC_WARN_UNDECLARED_SELECTOR = YES;
				GCC_WARN_UNINITIALIZED_AUTOS = YES_AGGRESSIVE;
				GCC_WARN_UNUSED_FUNCTION = YES;
				GCC_WARN_UNUSED_VARIABLE = YES;
				MACOSX_DEPLOYMENT_TARGET = 10.10;
				MTL_ENABLE_DEBUG_INFO = NO;
				SDKROOT = macosx;
			};
			name = Release;
		};
		8A50CA891AAF0ADE00B02B68 /* Debug */ = {
			isa = XCBuildConfiguration;
			buildSettings = {
				PRODUCT_NAME = "$(TARGET_NAME)";
			};
			name = Debug;
		};
		8A50CA8A1AAF0ADE00B02B68 /* Release */ = {
			isa = XCBuildConfiguration;
			buildSettings = {
				PRODUCT_NAME = "$(TARGET_NAME)";
			};
			name = Release;
		};
/* End XCBuildConfiguration section */

/* Begin XCConfigurationList section */
		8A50CA7C1AAF0ADE00B02B68 /* Build configuration list for PBXProject "TKAAutoreleasePool" */ = {
			isa = XCConfigurationList;
			buildConfigurations = (
				8A50CA861AAF0ADE00B02B68 /* Debug */,
				8A50CA871AAF0ADE00B02B68 /* Release */,
			);
			defaultConfigurationIsVisible = 0;
			defaultConfigurationName = Release;
		};
		8A50CA881AAF0ADE00B02B68 /* Build configuration list for PBXNativeTarget "TKAAutoreleasePool" */ = {
			isa = XCConfigurationList;
			buildConfigurations = (
				8A50CA891AAF0ADE00B02B68 /* Debug */,
				8A50CA8A1AAF0ADE00B02B68 /* Release */,
			);
			defaultConfigurationIsVisible = 0;
			defaultConfigurationName = Release;
		};
/* End XCConfigurationList section */
	};
	rootObject = 8A50CA791AAF0ADE00B02B68 /* Project object */;
}
